// !$*UTF8*$!
{
	archiveVersion = 1;
	classes = {
	};
	objectVersion = 51;
	objects = {

/* Begin PBXBuildFile section */
		005EF95EB5360E0F72D842F4 /* Pods_hotnews_hotnewsUITests.framework in Frameworks */ = {isa = PBXBuildFile; fileRef = E3ADF27DBBD168B606546650 /* Pods_hotnews_hotnewsUITests.framework */; };
		291C35BDC7F4390D188E2823 /* Pods_hotnewsTests.framework in Frameworks */ = {isa = PBXBuildFile; fileRef = 2E0ACD984F16C5F287F54FB0 /* Pods_hotnewsTests.framework */; };
		6A11BC1725B1816900D1F7D7 /* ArticlesTapGesture.swift in Sources */ = {isa = PBXBuildFile; fileRef = 6A11BC1625B1816900D1F7D7 /* ArticlesTapGesture.swift */; };
		6A11BC2125B5223F00D1F7D7 /* FirstViewController.swift in Sources */ = {isa = PBXBuildFile; fileRef = 6A11BC1F25B5223F00D1F7D7 /* FirstViewController.swift */; };
		6A11BC2225B5224000D1F7D7 /* FirstViewController.xib in Resources */ = {isa = PBXBuildFile; fileRef = 6A11BC2025B5223F00D1F7D7 /* FirstViewController.xib */; };
		6A13652325AAE8E700DDA22C /* ArticleTableViewCell.swift in Sources */ = {isa = PBXBuildFile; fileRef = 6A13652125AAE8E700DDA22C /* ArticleTableViewCell.swift */; };
		6A13652425AAE8E700DDA22C /* ArticleTableViewCell.xib in Resources */ = {isa = PBXBuildFile; fileRef = 6A13652225AAE8E700DDA22C /* ArticleTableViewCell.xib */; };
		6A30A57125A837250003A4F3 /* BaseViewController.swift in Sources */ = {isa = PBXBuildFile; fileRef = 6A30A57025A837250003A4F3 /* BaseViewController.swift */; };
		6A30A57625A837490003A4F3 /* NewsUrl.swift in Sources */ = {isa = PBXBuildFile; fileRef = 6A30A57525A837490003A4F3 /* NewsUrl.swift */; };
		6A30A57F25A83A320003A4F3 /* SourceViewController.swift in Sources */ = {isa = PBXBuildFile; fileRef = 6A30A57D25A83A320003A4F3 /* SourceViewController.swift */; };
		6A30A58025A83A320003A4F3 /* SourceViewController.xib in Resources */ = {isa = PBXBuildFile; fileRef = 6A30A57E25A83A320003A4F3 /* SourceViewController.xib */; };
		6A30A58925A83BAF0003A4F3 /* SourceModel.swift in Sources */ = {isa = PBXBuildFile; fileRef = 6A30A58825A83BAF0003A4F3 /* SourceModel.swift */; };
		6A30A59B25A83E110003A4F3 /* CategoryTapGesture.swift in Sources */ = {isa = PBXBuildFile; fileRef = 6A30A59A25A83E110003A4F3 /* CategoryTapGesture.swift */; };
		6A30A5A125A850BF0003A4F3 /* SourcesTableViewCell.swift in Sources */ = {isa = PBXBuildFile; fileRef = 6A30A59F25A850BF0003A4F3 /* SourcesTableViewCell.swift */; };
		6A30A5A225A850BF0003A4F3 /* SourcesTableViewCell.xib in Resources */ = {isa = PBXBuildFile; fileRef = 6A30A5A025A850BF0003A4F3 /* SourcesTableViewCell.xib */; };
		6A30A5B225A85BFB0003A4F3 /* ArticleViewController.swift in Sources */ = {isa = PBXBuildFile; fileRef = 6A30A5B025A85BFB0003A4F3 /* ArticleViewController.swift */; };
		6A30A5B325A85BFC0003A4F3 /* ArticleViewController.xib in Resources */ = {isa = PBXBuildFile; fileRef = 6A30A5B125A85BFB0003A4F3 /* ArticleViewController.xib */; };
		6A30A5BF25A85C260003A4F3 /* ArticleModel.swift in Sources */ = {isa = PBXBuildFile; fileRef = 6A30A5BE25A85C260003A4F3 /* ArticleModel.swift */; };
		6A46639225A6EE0300F40A96 /* AppDelegate.swift in Sources */ = {isa = PBXBuildFile; fileRef = 6A46639125A6EE0300F40A96 /* AppDelegate.swift */; };
		6A46639425A6EE0300F40A96 /* SceneDelegate.swift in Sources */ = {isa = PBXBuildFile; fileRef = 6A46639325A6EE0300F40A96 /* SceneDelegate.swift */; };
		6A46639625A6EE0300F40A96 /* ViewController.swift in Sources */ = {isa = PBXBuildFile; fileRef = 6A46639525A6EE0300F40A96 /* ViewController.swift */; };
		6A46639B25A6EE0900F40A96 /* Assets.xcassets in Resources */ = {isa = PBXBuildFile; fileRef = 6A46639A25A6EE0900F40A96 /* Assets.xcassets */; };
		6A46639E25A6EE0900F40A96 /* LaunchScreen.storyboard in Resources */ = {isa = PBXBuildFile; fileRef = 6A46639C25A6EE0900F40A96 /* LaunchScreen.storyboard */; };
		6A4663A925A6EE0900F40A96 /* hotnewsTests.swift in Sources */ = {isa = PBXBuildFile; fileRef = 6A4663A825A6EE0900F40A96 /* hotnewsTests.swift */; };
		6A4663B425A6EE0900F40A96 /* hotnewsUITests.swift in Sources */ = {isa = PBXBuildFile; fileRef = 6A4663B325A6EE0900F40A96 /* hotnewsUITests.swift */; };
		6A4663CD25A6EFA200F40A96 /* CategoriesViewController.swift in Sources */ = {isa = PBXBuildFile; fileRef = 6A4663CB25A6EFA100F40A96 /* CategoriesViewController.swift */; };
		6A4663CE25A6EFA200F40A96 /* CategoriesViewController.xib in Resources */ = {isa = PBXBuildFile; fileRef = 6A4663CC25A6EFA200F40A96 /* CategoriesViewController.xib */; };
		6AB9F74125AC067C0053AD3D /* SourcesTapGesture.swift in Sources */ = {isa = PBXBuildFile; fileRef = 6AB9F74025AC067C0053AD3D /* SourcesTapGesture.swift */; };
		6AB9F75825AC3AE30053AD3D /* DetailViewController.swift in Sources */ = {isa = PBXBuildFile; fileRef = 6AB9F75625AC3AE30053AD3D /* DetailViewController.swift */; };
		6AB9F75925AC3AE30053AD3D /* DetailViewController.xib in Resources */ = {isa = PBXBuildFile; fileRef = 6AB9F75725AC3AE30053AD3D /* DetailViewController.xib */; };
		8BC87376065B1B56459433B2 /* Pods_hotnews.framework in Frameworks */ = {isa = PBXBuildFile; fileRef = 92BF7423E27F89B42CD56612 /* Pods_hotnews.framework */; };
/* End PBXBuildFile section */

/* Begin PBXContainerItemProxy section */
		6A4663A525A6EE0900F40A96 /* PBXContainerItemProxy */ = {
			isa = PBXContainerItemProxy;
			containerPortal = 6A46638625A6EE0300F40A96 /* Project object */;
			proxyType = 1;
			remoteGlobalIDString = 6A46638D25A6EE0300F40A96;
			remoteInfo = hotnews;
		};
		6A4663B025A6EE0900F40A96 /* PBXContainerItemProxy */ = {
			isa = PBXContainerItemProxy;
			containerPortal = 6A46638625A6EE0300F40A96 /* Project object */;
			proxyType = 1;
			remoteGlobalIDString = 6A46638D25A6EE0300F40A96;
			remoteInfo = hotnews;
		};
/* End PBXContainerItemProxy section */

/* Begin PBXFileReference section */
		03CF2BF9F2959043FB5B5AAE /* Pods-hotnews-hotnewsUITests.debug.xcconfig */ = {isa = PBXFileReference; includeInIndex = 1; lastKnownFileType = text.xcconfig; name = "Pods-hotnews-hotnewsUITests.debug.xcconfig"; path = "Target Support Files/Pods-hotnews-hotnewsUITests/Pods-hotnews-hotnewsUITests.debug.xcconfig"; sourceTree = "<group>"; };
		1E2EEBDBA54FD6A67CF85C9F /* Pods-hotnewsTests.release.xcconfig */ = {isa = PBXFileReference; includeInIndex = 1; lastKnownFileType = text.xcconfig; name = "Pods-hotnewsTests.release.xcconfig"; path = "Target Support Files/Pods-hotnewsTests/Pods-hotnewsTests.release.xcconfig"; sourceTree = "<group>"; };
		2208DB7A19EAEB1A167FBFE4 /* Pods-hotnews-hotnewsUITests.release.xcconfig */ = {isa = PBXFileReference; includeInIndex = 1; lastKnownFileType = text.xcconfig; name = "Pods-hotnews-hotnewsUITests.release.xcconfig"; path = "Target Support Files/Pods-hotnews-hotnewsUITests/Pods-hotnews-hotnewsUITests.release.xcconfig"; sourceTree = "<group>"; };
		2E0ACD984F16C5F287F54FB0 /* Pods_hotnewsTests.framework */ = {isa = PBXFileReference; explicitFileType = wrapper.framework; includeInIndex = 0; path = Pods_hotnewsTests.framework; sourceTree = BUILT_PRODUCTS_DIR; };
		4B1F4EDB59A4147DC4263ADE /* Pods-hotnewsTests.debug.xcconfig */ = {isa = PBXFileReference; includeInIndex = 1; lastKnownFileType = text.xcconfig; name = "Pods-hotnewsTests.debug.xcconfig"; path = "Target Support Files/Pods-hotnewsTests/Pods-hotnewsTests.debug.xcconfig"; sourceTree = "<group>"; };
		6A11BC1625B1816900D1F7D7 /* ArticlesTapGesture.swift */ = {isa = PBXFileReference; lastKnownFileType = sourcecode.swift; path = ArticlesTapGesture.swift; sourceTree = "<group>"; };
		6A11BC1F25B5223F00D1F7D7 /* FirstViewController.swift */ = {isa = PBXFileReference; lastKnownFileType = sourcecode.swift; path = FirstViewController.swift; sourceTree = "<group>"; };
		6A11BC2025B5223F00D1F7D7 /* FirstViewController.xib */ = {isa = PBXFileReference; lastKnownFileType = file.xib; path = FirstViewController.xib; sourceTree = "<group>"; };
		6A13652125AAE8E700DDA22C /* ArticleTableViewCell.swift */ = {isa = PBXFileReference; lastKnownFileType = sourcecode.swift; path = ArticleTableViewCell.swift; sourceTree = "<group>"; };
		6A13652225AAE8E700DDA22C /* ArticleTableViewCell.xib */ = {isa = PBXFileReference; lastKnownFileType = file.xib; path = ArticleTableViewCell.xib; sourceTree = "<group>"; };
		6A30A57025A837250003A4F3 /* BaseViewController.swift */ = {isa = PBXFileReference; lastKnownFileType = sourcecode.swift; path = BaseViewController.swift; sourceTree = "<group>"; };
		6A30A57525A837490003A4F3 /* NewsUrl.swift */ = {isa = PBXFileReference; lastKnownFileType = sourcecode.swift; path = NewsUrl.swift; sourceTree = "<group>"; };
		6A30A57D25A83A320003A4F3 /* SourceViewController.swift */ = {isa = PBXFileReference; lastKnownFileType = sourcecode.swift; path = SourceViewController.swift; sourceTree = "<group>"; };
		6A30A57E25A83A320003A4F3 /* SourceViewController.xib */ = {isa = PBXFileReference; lastKnownFileType = file.xib; path = SourceViewController.xib; sourceTree = "<group>"; };
		6A30A58825A83BAF0003A4F3 /* SourceModel.swift */ = {isa = PBXFileReference; lastKnownFileType = sourcecode.swift; path = SourceModel.swift; sourceTree = "<group>"; };
		6A30A59A25A83E110003A4F3 /* CategoryTapGesture.swift */ = {isa = PBXFileReference; lastKnownFileType = sourcecode.swift; path = CategoryTapGesture.swift; sourceTree = "<group>"; };
		6A30A59F25A850BF0003A4F3 /* SourcesTableViewCell.swift */ = {isa = PBXFileReference; lastKnownFileType = sourcecode.swift; path = SourcesTableViewCell.swift; sourceTree = "<group>"; };
		6A30A5A025A850BF0003A4F3 /* SourcesTableViewCell.xib */ = {isa = PBXFileReference; lastKnownFileType = file.xib; path = SourcesTableViewCell.xib; sourceTree = "<group>"; };
		6A30A5B025A85BFB0003A4F3 /* ArticleViewController.swift */ = {isa = PBXFileReference; lastKnownFileType = sourcecode.swift; path = ArticleViewController.swift; sourceTree = "<group>"; };
		6A30A5B125A85BFB0003A4F3 /* ArticleViewController.xib */ = {isa = PBXFileReference; lastKnownFileType = file.xib; path = ArticleViewController.xib; sourceTree = "<group>"; };
		6A30A5BE25A85C260003A4F3 /* ArticleModel.swift */ = {isa = PBXFileReference; lastKnownFileType = sourcecode.swift; path = ArticleModel.swift; sourceTree = "<group>"; };
		6A46638E25A6EE0300F40A96 /* hotnews.app */ = {isa = PBXFileReference; explicitFileType = wrapper.application; includeInIndex = 0; path = hotnews.app; sourceTree = BUILT_PRODUCTS_DIR; };
		6A46639125A6EE0300F40A96 /* AppDelegate.swift */ = {isa = PBXFileReference; lastKnownFileType = sourcecode.swift; path = AppDelegate.swift; sourceTree = "<group>"; };
		6A46639325A6EE0300F40A96 /* SceneDelegate.swift */ = {isa = PBXFileReference; lastKnownFileType = sourcecode.swift; path = SceneDelegate.swift; sourceTree = "<group>"; };
		6A46639525A6EE0300F40A96 /* ViewController.swift */ = {isa = PBXFileReference; lastKnownFileType = sourcecode.swift; path = ViewController.swift; sourceTree = "<group>"; };
		6A46639A25A6EE0900F40A96 /* Assets.xcassets */ = {isa = PBXFileReference; lastKnownFileType = folder.assetcatalog; path = Assets.xcassets; sourceTree = "<group>"; };
		6A46639D25A6EE0900F40A96 /* Base */ = {isa = PBXFileReference; lastKnownFileType = file.storyboard; name = Base; path = Base.lproj/LaunchScreen.storyboard; sourceTree = "<group>"; };
		6A46639F25A6EE0900F40A96 /* Info.plist */ = {isa = PBXFileReference; lastKnownFileType = text.plist.xml; path = Info.plist; sourceTree = "<group>"; };
		6A4663A425A6EE0900F40A96 /* hotnewsTests.xctest */ = {isa = PBXFileReference; explicitFileType = wrapper.cfbundle; includeInIndex = 0; path = hotnewsTests.xctest; sourceTree = BUILT_PRODUCTS_DIR; };
		6A4663A825A6EE0900F40A96 /* hotnewsTests.swift */ = {isa = PBXFileReference; lastKnownFileType = sourcecode.swift; path = hotnewsTests.swift; sourceTree = "<group>"; };
		6A4663AA25A6EE0900F40A96 /* Info.plist */ = {isa = PBXFileReference; lastKnownFileType = text.plist.xml; path = Info.plist; sourceTree = "<group>"; };
		6A4663AF25A6EE0900F40A96 /* hotnewsUITests.xctest */ = {isa = PBXFileReference; explicitFileType = wrapper.cfbundle; includeInIndex = 0; path = hotnewsUITests.xctest; sourceTree = BUILT_PRODUCTS_DIR; };
		6A4663B325A6EE0900F40A96 /* hotnewsUITests.swift */ = {isa = PBXFileReference; lastKnownFileType = sourcecode.swift; path = hotnewsUITests.swift; sourceTree = "<group>"; };
		6A4663B525A6EE0900F40A96 /* Info.plist */ = {isa = PBXFileReference; lastKnownFileType = text.plist.xml; path = Info.plist; sourceTree = "<group>"; };
		6A4663CB25A6EFA100F40A96 /* CategoriesViewController.swift */ = {isa = PBXFileReference; lastKnownFileType = sourcecode.swift; path = CategoriesViewController.swift; sourceTree = "<group>"; };
		6A4663CC25A6EFA200F40A96 /* CategoriesViewController.xib */ = {isa = PBXFileReference; lastKnownFileType = file.xib; path = CategoriesViewController.xib; sourceTree = "<group>"; };
		6AB9F74025AC067C0053AD3D /* SourcesTapGesture.swift */ = {isa = PBXFileReference; lastKnownFileType = sourcecode.swift; path = SourcesTapGesture.swift; sourceTree = "<group>"; };
		6AB9F75625AC3AE30053AD3D /* DetailViewController.swift */ = {isa = PBXFileReference; lastKnownFileType = sourcecode.swift; path = DetailViewController.swift; sourceTree = "<group>"; };
		6AB9F75725AC3AE30053AD3D /* DetailViewController.xib */ = {isa = PBXFileReference; lastKnownFileType = file.xib; path = DetailViewController.xib; sourceTree = "<group>"; };
		7F9FED89E17A062FE4004F9E /* Pods-hotnews.release.xcconfig */ = {isa = PBXFileReference; includeInIndex = 1; lastKnownFileType = text.xcconfig; name = "Pods-hotnews.release.xcconfig"; path = "Target Support Files/Pods-hotnews/Pods-hotnews.release.xcconfig"; sourceTree = "<group>"; };
		92BF7423E27F89B42CD56612 /* Pods_hotnews.framework */ = {isa = PBXFileReference; explicitFileType = wrapper.framework; includeInIndex = 0; path = Pods_hotnews.framework; sourceTree = BUILT_PRODUCTS_DIR; };
		AD5F4C6AD6F0039474466F4E /* Pods-hotnews.debug.xcconfig */ = {isa = PBXFileReference; includeInIndex = 1; lastKnownFileType = text.xcconfig; name = "Pods-hotnews.debug.xcconfig"; path = "Target Support Files/Pods-hotnews/Pods-hotnews.debug.xcconfig"; sourceTree = "<group>"; };
		E3ADF27DBBD168B606546650 /* Pods_hotnews_hotnewsUITests.framework */ = {isa = PBXFileReference; explicitFileType = wrapper.framework; includeInIndex = 0; path = Pods_hotnews_hotnewsUITests.framework; sourceTree = BUILT_PRODUCTS_DIR; };
/* End PBXFileReference section */

/* Begin PBXFrameworksBuildPhase section */
		6A46638B25A6EE0300F40A96 /* Frameworks */ = {
			isa = PBXFrameworksBuildPhase;
			buildActionMask = 2147483647;
			files = (
				8BC87376065B1B56459433B2 /* Pods_hotnews.framework in Frameworks */,
			);
			runOnlyForDeploymentPostprocessing = 0;
		};
		6A4663A125A6EE0900F40A96 /* Frameworks */ = {
			isa = PBXFrameworksBuildPhase;
			buildActionMask = 2147483647;
			files = (
				291C35BDC7F4390D188E2823 /* Pods_hotnewsTests.framework in Frameworks */,
			);
			runOnlyForDeploymentPostprocessing = 0;
		};
		6A4663AC25A6EE0900F40A96 /* Frameworks */ = {
			isa = PBXFrameworksBuildPhase;
			buildActionMask = 2147483647;
			files = (
				005EF95EB5360E0F72D842F4 /* Pods_hotnews_hotnewsUITests.framework in Frameworks */,
			);
			runOnlyForDeploymentPostprocessing = 0;
		};
/* End PBXFrameworksBuildPhase section */

/* Begin PBXGroup section */
		6A11BC1E25B5221B00D1F7D7 /* First */ = {
			isa = PBXGroup;
			children = (
				6A11BC1F25B5223F00D1F7D7 /* FirstViewController.swift */,
				6A11BC2025B5223F00D1F7D7 /* FirstViewController.xib */,
			);
			path = First;
			sourceTree = "<group>";
		};
		6A30A58425A83B290003A4F3 /* Utils */ = {
			isa = PBXGroup;
			children = (
				6A30A57025A837250003A4F3 /* BaseViewController.swift */,
				6A30A57525A837490003A4F3 /* NewsUrl.swift */,
			);
			path = Utils;
			sourceTree = "<group>";
		};
		6A30A5AF25A85BBC0003A4F3 /* Article */ = {
			isa = PBXGroup;
			children = (
				6A30A5BD25A85C130003A4F3 /* Model */,
				6A30A5B025A85BFB0003A4F3 /* ArticleViewController.swift */,
				6A30A5B125A85BFB0003A4F3 /* ArticleViewController.xib */,
				6A13652125AAE8E700DDA22C /* ArticleTableViewCell.swift */,
				6A13652225AAE8E700DDA22C /* ArticleTableViewCell.xib */,
				6AB9F75625AC3AE30053AD3D /* DetailViewController.swift */,
				6AB9F75725AC3AE30053AD3D /* DetailViewController.xib */,
			);
			path = Article;
			sourceTree = "<group>";
		};
		6A30A5BD25A85C130003A4F3 /* Model */ = {
			isa = PBXGroup;
			children = (
				6A30A5BE25A85C260003A4F3 /* ArticleModel.swift */,
			);
			path = Model;
			sourceTree = "<group>";
		};
		6A46638525A6EE0300F40A96 = {
			isa = PBXGroup;
			children = (
				6A46639025A6EE0300F40A96 /* hotnews */,
				6A4663A725A6EE0900F40A96 /* hotnewsTests */,
				6A4663B225A6EE0900F40A96 /* hotnewsUITests */,
				6A46638F25A6EE0300F40A96 /* Products */,
				8EB329C394125763028D054A /* Pods */,
				82AA058BF08B35C9B2CE82F8 /* Frameworks */,
			);
			sourceTree = "<group>";
		};
		6A46638F25A6EE0300F40A96 /* Products */ = {
			isa = PBXGroup;
			children = (
				6A46638E25A6EE0300F40A96 /* hotnews.app */,
				6A4663A425A6EE0900F40A96 /* hotnewsTests.xctest */,
				6A4663AF25A6EE0900F40A96 /* hotnewsUITests.xctest */,
			);
			name = Products;
			sourceTree = "<group>";
		};
		6A46639025A6EE0300F40A96 /* hotnews */ = {
			isa = PBXGroup;
			children = (
				6A11BC1E25B5221B00D1F7D7 /* First */,
				6A30A5AF25A85BBC0003A4F3 /* Article */,
				6A4663CA25A6EF7E00F40A96 /* Sources */,
				6A30A58425A83B290003A4F3 /* Utils */,
				6A46639125A6EE0300F40A96 /* AppDelegate.swift */,
				6A46639325A6EE0300F40A96 /* SceneDelegate.swift */,
				6A46639525A6EE0300F40A96 /* ViewController.swift */,
				6A46639A25A6EE0900F40A96 /* Assets.xcassets */,
				6A46639C25A6EE0900F40A96 /* LaunchScreen.storyboard */,
				6A46639F25A6EE0900F40A96 /* Info.plist */,
			);
			path = hotnews;
			sourceTree = "<group>";
		};
		6A4663A725A6EE0900F40A96 /* hotnewsTests */ = {
			isa = PBXGroup;
			children = (
				6A4663A825A6EE0900F40A96 /* hotnewsTests.swift */,
				6A4663AA25A6EE0900F40A96 /* Info.plist */,
			);
			path = hotnewsTests;
			sourceTree = "<group>";
		};
		6A4663B225A6EE0900F40A96 /* hotnewsUITests */ = {
			isa = PBXGroup;
			children = (
				6A4663B325A6EE0900F40A96 /* hotnewsUITests.swift */,
				6A4663B525A6EE0900F40A96 /* Info.plist */,
			);
			path = hotnewsUITests;
			sourceTree = "<group>";
		};
		6A4663CA25A6EF7E00F40A96 /* Sources */ = {
			isa = PBXGroup;
			children = (
				6A4663DE25A6FBC700F40A96 /* model */,
				6A4663CB25A6EFA100F40A96 /* CategoriesViewController.swift */,
				6A4663CC25A6EFA200F40A96 /* CategoriesViewController.xib */,
				6A30A57D25A83A320003A4F3 /* SourceViewController.swift */,
				6A30A57E25A83A320003A4F3 /* SourceViewController.xib */,
				6A30A59F25A850BF0003A4F3 /* SourcesTableViewCell.swift */,
				6A30A5A025A850BF0003A4F3 /* SourcesTableViewCell.xib */,
				6A30A59A25A83E110003A4F3 /* CategoryTapGesture.swift */,
				6AB9F74025AC067C0053AD3D /* SourcesTapGesture.swift */,
				6A11BC1625B1816900D1F7D7 /* ArticlesTapGesture.swift */,
			);
			path = Sources;
			sourceTree = "<group>";
		};
		6A4663DE25A6FBC700F40A96 /* model */ = {
			isa = PBXGroup;
			children = (
				6A30A58825A83BAF0003A4F3 /* SourceModel.swift */,
			);
			path = model;
			sourceTree = "<group>";
		};
		82AA058BF08B35C9B2CE82F8 /* Frameworks */ = {
			isa = PBXGroup;
			children = (
				92BF7423E27F89B42CD56612 /* Pods_hotnews.framework */,
				E3ADF27DBBD168B606546650 /* Pods_hotnews_hotnewsUITests.framework */,
				2E0ACD984F16C5F287F54FB0 /* Pods_hotnewsTests.framework */,
			);
			name = Frameworks;
			sourceTree = "<group>";
		};
		8EB329C394125763028D054A /* Pods */ = {
			isa = PBXGroup;
			children = (
				AD5F4C6AD6F0039474466F4E /* Pods-hotnews.debug.xcconfig */,
				7F9FED89E17A062FE4004F9E /* Pods-hotnews.release.xcconfig */,
				03CF2BF9F2959043FB5B5AAE /* Pods-hotnews-hotnewsUITests.debug.xcconfig */,
				2208DB7A19EAEB1A167FBFE4 /* Pods-hotnews-hotnewsUITests.release.xcconfig */,
				4B1F4EDB59A4147DC4263ADE /* Pods-hotnewsTests.debug.xcconfig */,
				1E2EEBDBA54FD6A67CF85C9F /* Pods-hotnewsTests.release.xcconfig */,
			);
			path = Pods;
			sourceTree = "<group>";
		};
/* End PBXGroup section */

/* Begin PBXNativeTarget section */
		6A46638D25A6EE0300F40A96 /* hotnews */ = {
			isa = PBXNativeTarget;
			buildConfigurationList = 6A4663B825A6EE0A00F40A96 /* Build configuration list for PBXNativeTarget "hotnews" */;
			buildPhases = (
				A1A6CE859B81A8334241F630 /* [CP] Check Pods Manifest.lock */,
				6A46638A25A6EE0300F40A96 /* Sources */,
				6A46638B25A6EE0300F40A96 /* Frameworks */,
				6A46638C25A6EE0300F40A96 /* Resources */,
				6555FF71DE5CE727B2DCE019 /* [CP] Embed Pods Frameworks */,
			);
			buildRules = (
			);
			dependencies = (
			);
			name = hotnews;
			productName = hotnews;
			productReference = 6A46638E25A6EE0300F40A96 /* hotnews.app */;
			productType = "com.apple.product-type.application";
		};
		6A4663A325A6EE0900F40A96 /* hotnewsTests */ = {
			isa = PBXNativeTarget;
			buildConfigurationList = 6A4663BB25A6EE0A00F40A96 /* Build configuration list for PBXNativeTarget "hotnewsTests" */;
			buildPhases = (
				7C7B5C01DB19E5F7201F8470 /* [CP] Check Pods Manifest.lock */,
				6A4663A025A6EE0900F40A96 /* Sources */,
				6A4663A125A6EE0900F40A96 /* Frameworks */,
				6A4663A225A6EE0900F40A96 /* Resources */,
			);
			buildRules = (
			);
			dependencies = (
				6A4663A625A6EE0900F40A96 /* PBXTargetDependency */,
			);
			name = hotnewsTests;
			productName = hotnewsTests;
			productReference = 6A4663A425A6EE0900F40A96 /* hotnewsTests.xctest */;
			productType = "com.apple.product-type.bundle.unit-test";
		};
		6A4663AE25A6EE0900F40A96 /* hotnewsUITests */ = {
			isa = PBXNativeTarget;
			buildConfigurationList = 6A4663BE25A6EE0A00F40A96 /* Build configuration list for PBXNativeTarget "hotnewsUITests" */;
			buildPhases = (
				538C92AEB203EA187F1093CB /* [CP] Check Pods Manifest.lock */,
				6A4663AB25A6EE0900F40A96 /* Sources */,
				6A4663AC25A6EE0900F40A96 /* Frameworks */,
				6A4663AD25A6EE0900F40A96 /* Resources */,
				D189832647CB09824CE99081 /* [CP] Embed Pods Frameworks */,
			);
			buildRules = (
			);
			dependencies = (
				6A4663B125A6EE0900F40A96 /* PBXTargetDependency */,
			);
			name = hotnewsUITests;
			productName = hotnewsUITests;
			productReference = 6A4663AF25A6EE0900F40A96 /* hotnewsUITests.xctest */;
			productType = "com.apple.product-type.bundle.ui-testing";
		};
/* End PBXNativeTarget section */

/* Begin PBXProject section */
		6A46638625A6EE0300F40A96 /* Project object */ = {
			isa = PBXProject;
			attributes = {
				LastSwiftUpdateCheck = 1210;
				LastUpgradeCheck = 1210;
				TargetAttributes = {
					6A46638D25A6EE0300F40A96 = {
						CreatedOnToolsVersion = 12.1;
					};
					6A4663A325A6EE0900F40A96 = {
						CreatedOnToolsVersion = 12.1;
						TestTargetID = 6A46638D25A6EE0300F40A96;
					};
					6A4663AE25A6EE0900F40A96 = {
						CreatedOnToolsVersion = 12.1;
						TestTargetID = 6A46638D25A6EE0300F40A96;
					};
				};
			};
			buildConfigurationList = 6A46638925A6EE0300F40A96 /* Build configuration list for PBXProject "hotnews" */;
			compatibilityVersion = "Xcode 9.3";
			developmentRegion = en;
			hasScannedForEncodings = 0;
			knownRegions = (
				en,
				Base,
			);
			mainGroup = 6A46638525A6EE0300F40A96;
			productRefGroup = 6A46638F25A6EE0300F40A96 /* Products */;
			projectDirPath = "";
			projectRoot = "";
			targets = (
				6A46638D25A6EE0300F40A96 /* hotnews */,
				6A4663A325A6EE0900F40A96 /* hotnewsTests */,
				6A4663AE25A6EE0900F40A96 /* hotnewsUITests */,
			);
		};
/* End PBXProject section */

/* Begin PBXResourcesBuildPhase section */
		6A46638C25A6EE0300F40A96 /* Resources */ = {
			isa = PBXResourcesBuildPhase;
			buildActionMask = 2147483647;
			files = (
				6A46639E25A6EE0900F40A96 /* LaunchScreen.storyboard in Resources */,
				6A11BC2225B5224000D1F7D7 /* FirstViewController.xib in Resources */,
				6A30A5B325A85BFC0003A4F3 /* ArticleViewController.xib in Resources */,
				6A30A58025A83A320003A4F3 /* SourceViewController.xib in Resources */,
				6AB9F75925AC3AE30053AD3D /* DetailViewController.xib in Resources */,
				6A4663CE25A6EFA200F40A96 /* CategoriesViewController.xib in Resources */,
				6A13652425AAE8E700DDA22C /* ArticleTableViewCell.xib in Resources */,
				6A30A5A225A850BF0003A4F3 /* SourcesTableViewCell.xib in Resources */,
				6A46639B25A6EE0900F40A96 /* Assets.xcassets in Resources */,
			);
			runOnlyForDeploymentPostprocessing = 0;
		};
		6A4663A225A6EE0900F40A96 /* Resources */ = {
			isa = PBXResourcesBuildPhase;
			buildActionMask = 2147483647;
			files = (
			);
			runOnlyForDeploymentPostprocessing = 0;
		};
		6A4663AD25A6EE0900F40A96 /* Resources */ = {
			isa = PBXResourcesBuildPhase;
			buildActionMask = 2147483647;
			files = (
			);
			runOnlyForDeploymentPostprocessing = 0;
		};
/* End PBXResourcesBuildPhase section */

/* Begin PBXShellScriptBuildPhase section */
		538C92AEB203EA187F1093CB /* [CP] Check Pods Manifest.lock */ = {
			isa = PBXShellScriptBuildPhase;
			buildActionMask = 2147483647;
			files = (
			);
			inputFileListPaths = (
			);
			inputPaths = (
				"${PODS_PODFILE_DIR_PATH}/Podfile.lock",
				"${PODS_ROOT}/Manifest.lock",
			);
			name = "[CP] Check Pods Manifest.lock";
			outputFileListPaths = (
			);
			outputPaths = (
				"$(DERIVED_FILE_DIR)/Pods-hotnews-hotnewsUITests-checkManifestLockResult.txt",
			);
			runOnlyForDeploymentPostprocessing = 0;
			shellPath = /bin/sh;
			shellScript = "diff \"${PODS_PODFILE_DIR_PATH}/Podfile.lock\" \"${PODS_ROOT}/Manifest.lock\" > /dev/null\nif [ $? != 0 ] ; then\n    # print error to STDERR\n    echo \"error: The sandbox is not in sync with the Podfile.lock. Run 'pod install' or update your CocoaPods installation.\" >&2\n    exit 1\nfi\n# This output is used by Xcode 'outputs' to avoid re-running this script phase.\necho \"SUCCESS\" > \"${SCRIPT_OUTPUT_FILE_0}\"\n";
			showEnvVarsInLog = 0;
		};
		6555FF71DE5CE727B2DCE019 /* [CP] Embed Pods Frameworks */ = {
			isa = PBXShellScriptBuildPhase;
			buildActionMask = 2147483647;
			files = (
			);
			inputFileListPaths = (
				"${PODS_ROOT}/Target Support Files/Pods-hotnews/Pods-hotnews-frameworks-${CONFIGURATION}-input-files.xcfilelist",
			);
			name = "[CP] Embed Pods Frameworks";
			outputFileListPaths = (
				"${PODS_ROOT}/Target Support Files/Pods-hotnews/Pods-hotnews-frameworks-${CONFIGURATION}-output-files.xcfilelist",
			);
			runOnlyForDeploymentPostprocessing = 0;
			shellPath = /bin/sh;
			shellScript = "\"${PODS_ROOT}/Target Support Files/Pods-hotnews/Pods-hotnews-frameworks.sh\"\n";
			showEnvVarsInLog = 0;
		};
		7C7B5C01DB19E5F7201F8470 /* [CP] Check Pods Manifest.lock */ = {
			isa = PBXShellScriptBuildPhase;
			buildActionMask = 2147483647;
			files = (
			);
			inputFileListPaths = (
			);
			inputPaths = (
				"${PODS_PODFILE_DIR_PATH}/Podfile.lock",
				"${PODS_ROOT}/Manifest.lock",
			);
			name = "[CP] Check Pods Manifest.lock";
			outputFileListPaths = (
			);
			outputPaths = (
				"$(DERIVED_FILE_DIR)/Pods-hotnewsTests-checkManifestLockResult.txt",
			);
			runOnlyForDeploymentPostprocessing = 0;
			shellPath = /bin/sh;
			shellScript = "diff \"${PODS_PODFILE_DIR_PATH}/Podfile.lock\" \"${PODS_ROOT}/Manifest.lock\" > /dev/null\nif [ $? != 0 ] ; then\n    # print error to STDERR\n    echo \"error: The sandbox is not in sync with the Podfile.lock. Run 'pod install' or update your CocoaPods installation.\" >&2\n    exit 1\nfi\n# This output is used by Xcode 'outputs' to avoid re-running this script phase.\necho \"SUCCESS\" > \"${SCRIPT_OUTPUT_FILE_0}\"\n";
			showEnvVarsInLog = 0;
		};
		A1A6CE859B81A8334241F630 /* [CP] Check Pods Manifest.lock */ = {
			isa = PBXShellScriptBuildPhase;
			buildActionMask = 2147483647;
			files = (
			);
			inputFileListPaths = (
			);
			inputPaths = (
				"${PODS_PODFILE_DIR_PATH}/Podfile.lock",
				"${PODS_ROOT}/Manifest.lock",
			);
			name = "[CP] Check Pods Manifest.lock";
			outputFileListPaths = (
			);
			outputPaths = (
				"$(DERIVED_FILE_DIR)/Pods-hotnews-checkManifestLockResult.txt",
			);
			runOnlyForDeploymentPostprocessing = 0;
			shellPath = /bin/sh;
			shellScript = "diff \"${PODS_PODFILE_DIR_PATH}/Podfile.lock\" \"${PODS_ROOT}/Manifest.lock\" > /dev/null\nif [ $? != 0 ] ; then\n    # print error to STDERR\n    echo \"error: The sandbox is not in sync with the Podfile.lock. Run 'pod install' or update your CocoaPods installation.\" >&2\n    exit 1\nfi\n# This output is used by Xcode 'outputs' to avoid re-running this script phase.\necho \"SUCCESS\" > \"${SCRIPT_OUTPUT_FILE_0}\"\n";
			showEnvVarsInLog = 0;
		};
		D189832647CB09824CE99081 /* [CP] Embed Pods Frameworks */ = {
			isa = PBXShellScriptBuildPhase;
			buildActionMask = 2147483647;
			files = (
			);
			inputFileListPaths = (
				"${PODS_ROOT}/Target Support Files/Pods-hotnews-hotnewsUITests/Pods-hotnews-hotnewsUITests-frameworks-${CONFIGURATION}-input-files.xcfilelist",
			);
			name = "[CP] Embed Pods Frameworks";
			outputFileListPaths = (
				"${PODS_ROOT}/Target Support Files/Pods-hotnews-hotnewsUITests/Pods-hotnews-hotnewsUITests-frameworks-${CONFIGURATION}-output-files.xcfilelist",
			);
			runOnlyForDeploymentPostprocessing = 0;
			shellPath = /bin/sh;
			shellScript = "\"${PODS_ROOT}/Target Support Files/Pods-hotnews-hotnewsUITests/Pods-hotnews-hotnewsUITests-frameworks.sh\"\n";
			showEnvVarsInLog = 0;
		};
/* End PBXShellScriptBuildPhase section */

/* Begin PBXSourcesBuildPhase section */
		6A46638A25A6EE0300F40A96 /* Sources */ = {
			isa = PBXSourcesBuildPhase;
			buildActionMask = 2147483647;
			files = (
				6A30A57125A837250003A4F3 /* BaseViewController.swift in Sources */,
				6A46639625A6EE0300F40A96 /* ViewController.swift in Sources */,
				6A30A57625A837490003A4F3 /* NewsUrl.swift in Sources */,
				6A46639225A6EE0300F40A96 /* AppDelegate.swift in Sources */,
				6AB9F74125AC067C0053AD3D /* SourcesTapGesture.swift in Sources */,
				6A30A5A125A850BF0003A4F3 /* SourcesTableViewCell.swift in Sources */,
				6AB9F75825AC3AE30053AD3D /* DetailViewController.swift in Sources */,
				6A30A5B225A85BFB0003A4F3 /* ArticleViewController.swift in Sources */,
				6A46639425A6EE0300F40A96 /* SceneDelegate.swift in Sources */,
				6A11BC2125B5223F00D1F7D7 /* FirstViewController.swift in Sources */,
				6A30A57F25A83A320003A4F3 /* SourceViewController.swift in Sources */,
				6A30A58925A83BAF0003A4F3 /* SourceModel.swift in Sources */,
				6A30A59B25A83E110003A4F3 /* CategoryTapGesture.swift in Sources */,
				6A30A5BF25A85C260003A4F3 /* ArticleModel.swift in Sources */,
				6A13652325AAE8E700DDA22C /* ArticleTableViewCell.swift in Sources */,
				6A4663CD25A6EFA200F40A96 /* CategoriesViewController.swift in Sources */,
				6A11BC1725B1816900D1F7D7 /* ArticlesTapGesture.swift in Sources */,
			);
			runOnlyForDeploymentPostprocessing = 0;
		};
		6A4663A025A6EE0900F40A96 /* Sources */ = {
			isa = PBXSourcesBuildPhase;
			buildActionMask = 2147483647;
			files = (
				6A4663A925A6EE0900F40A96 /* hotnewsTests.swift in Sources */,
			);
			runOnlyForDeploymentPostprocessing = 0;
		};
		6A4663AB25A6EE0900F40A96 /* Sources */ = {
			isa = PBXSourcesBuildPhase;
			buildActionMask = 2147483647;
			files = (
				6A4663B425A6EE0900F40A96 /* hotnewsUITests.swift in Sources */,
			);
			runOnlyForDeploymentPostprocessing = 0;
		};
/* End PBXSourcesBuildPhase section */

/* Begin PBXTargetDependency section */
		6A4663A625A6EE0900F40A96 /* PBXTargetDependency */ = {
			isa = PBXTargetDependency;
			target = 6A46638D25A6EE0300F40A96 /* hotnews */;
			targetProxy = 6A4663A525A6EE0900F40A96 /* PBXContainerItemProxy */;
		};
		6A4663B125A6EE0900F40A96 /* PBXTargetDependency */ = {
			isa = PBXTargetDependency;
			target = 6A46638D25A6EE0300F40A96 /* hotnews */;
			targetProxy = 6A4663B025A6EE0900F40A96 /* PBXContainerItemProxy */;
		};
/* End PBXTargetDependency section */

/* Begin PBXVariantGroup section */
		6A46639C25A6EE0900F40A96 /* LaunchScreen.storyboard */ = {
			isa = PBXVariantGroup;
			children = (
				6A46639D25A6EE0900F40A96 /* Base */,
			);
			name = LaunchScreen.storyboard;
			sourceTree = "<group>";
		};
/* End PBXVariantGroup section */

/* Begin XCBuildConfiguration section */
		6A4663B625A6EE0900F40A96 /* Debug */ = {
			isa = XCBuildConfiguration;
			buildSettings = {
				ALWAYS_SEARCH_USER_PATHS = NO;
				CLANG_ANALYZER_NONNULL = YES;
				CLANG_ANALYZER_NUMBER_OBJECT_CONVERSION = YES_AGGRESSIVE;
				CLANG_CXX_LANGUAGE_STANDARD = "gnu++14";
				CLANG_CXX_LIBRARY = "libc++";
				CLANG_ENABLE_MODULES = YES;
				CLANG_ENABLE_OBJC_ARC = YES;
				CLANG_ENABLE_OBJC_WEAK = YES;
				CLANG_WARN_BLOCK_CAPTURE_AUTORELEASING = YES;
				CLANG_WARN_BOOL_CONVERSION = YES;
				CLANG_WARN_COMMA = YES;
				CLANG_WARN_CONSTANT_CONVERSION = YES;
				CLANG_WARN_DEPRECATED_OBJC_IMPLEMENTATIONS = YES;
				CLANG_WARN_DIRECT_OBJC_ISA_USAGE = YES_ERROR;
				CLANG_WARN_DOCUMENTATION_COMMENTS = YES;
				CLANG_WARN_EMPTY_BODY = YES;
				CLANG_WARN_ENUM_CONVERSION = YES;
				CLANG_WARN_INFINITE_RECURSION = YES;
				CLANG_WARN_INT_CONVERSION = YES;
				CLANG_WARN_NON_LITERAL_NULL_CONVERSION = YES;
				CLANG_WARN_OBJC_IMPLICIT_RETAIN_SELF = YES;
				CLANG_WARN_OBJC_LITERAL_CONVERSION = YES;
				CLANG_WARN_OBJC_ROOT_CLASS = YES_ERROR;
				CLANG_WARN_QUOTED_INCLUDE_IN_FRAMEWORK_HEADER = YES;
				CLANG_WARN_RANGE_LOOP_ANALYSIS = YES;
				CLANG_WARN_STRICT_PROTOTYPES = YES;
				CLANG_WARN_SUSPICIOUS_MOVE = YES;
				CLANG_WARN_UNGUARDED_AVAILABILITY = YES_AGGRESSIVE;
				CLANG_WARN_UNREACHABLE_CODE = YES;
				CLANG_WARN__DUPLICATE_METHOD_MATCH = YES;
				COPY_PHASE_STRIP = NO;
				DEBUG_INFORMATION_FORMAT = dwarf;
				ENABLE_STRICT_OBJC_MSGSEND = YES;
				ENABLE_TESTABILITY = YES;
				GCC_C_LANGUAGE_STANDARD = gnu11;
				GCC_DYNAMIC_NO_PIC = NO;
				GCC_NO_COMMON_BLOCKS = YES;
				GCC_OPTIMIZATION_LEVEL = 0;
				GCC_PREPROCESSOR_DEFINITIONS = (
					"DEBUG=1",
					"$(inherited)",
				);
				GCC_WARN_64_TO_32_BIT_CONVERSION = YES;
				GCC_WARN_ABOUT_RETURN_TYPE = YES_ERROR;
				GCC_WARN_UNDECLARED_SELECTOR = YES;
				GCC_WARN_UNINITIALIZED_AUTOS = YES_AGGRESSIVE;
				GCC_WARN_UNUSED_FUNCTION = YES;
				GCC_WARN_UNUSED_VARIABLE = YES;
				IPHONEOS_DEPLOYMENT_TARGET = 14.1;
				MTL_ENABLE_DEBUG_INFO = INCLUDE_SOURCE;
				MTL_FAST_MATH = YES;
				ONLY_ACTIVE_ARCH = YES;
				SDKROOT = iphoneos;
				SWIFT_ACTIVE_COMPILATION_CONDITIONS = DEBUG;
				SWIFT_OPTIMIZATION_LEVEL = "-Onone";
			};
			name = Debug;
		};
		6A4663B725A6EE0A00F40A96 /* Release */ = {
			isa = XCBuildConfiguration;
			buildSettings = {
				ALWAYS_SEARCH_USER_PATHS = NO;
				CLANG_ANALYZER_NONNULL = YES;
				CLANG_ANALYZER_NUMBER_OBJECT_CONVERSION = YES_AGGRESSIVE;
				CLANG_CXX_LANGUAGE_STANDARD = "gnu++14";
				CLANG_CXX_LIBRARY = "libc++";
				CLANG_ENABLE_MODULES = YES;
				CLANG_ENABLE_OBJC_ARC = YES;
				CLANG_ENABLE_OBJC_WEAK = YES;
				CLANG_WARN_BLOCK_CAPTURE_AUTORELEASING = YES;
				CLANG_WARN_BOOL_CONVERSION = YES;
				CLANG_WARN_COMMA = YES;
				CLANG_WARN_CONSTANT_CONVERSION = YES;
				CLANG_WARN_DEPRECATED_OBJC_IMPLEMENTATIONS = YES;
				CLANG_WARN_DIRECT_OBJC_ISA_USAGE = YES_ERROR;
				CLANG_WARN_DOCUMENTATION_COMMENTS = YES;
				CLANG_WARN_EMPTY_BODY = YES;
				CLANG_WARN_ENUM_CONVERSION = YES;
				CLANG_WARN_INFINITE_RECURSION = YES;
				CLANG_WARN_INT_CONVERSION = YES;
				CLANG_WARN_NON_LITERAL_NULL_CONVERSION = YES;
				CLANG_WARN_OBJC_IMPLICIT_RETAIN_SELF = YES;
				CLANG_WARN_OBJC_LITERAL_CONVERSION = YES;
				CLANG_WARN_OBJC_ROOT_CLASS = YES_ERROR;
				CLANG_WARN_QUOTED_INCLUDE_IN_FRAMEWORK_HEADER = YES;
				CLANG_WARN_RANGE_LOOP_ANALYSIS = YES;
				CLANG_WARN_STRICT_PROTOTYPES = YES;
				CLANG_WARN_SUSPICIOUS_MOVE = YES;
				CLANG_WARN_UNGUARDED_AVAILABILITY = YES_AGGRESSIVE;
				CLANG_WARN_UNREACHABLE_CODE = YES;
				CLANG_WARN__DUPLICATE_METHOD_MATCH = YES;
				COPY_PHASE_STRIP = NO;
				DEBUG_INFORMATION_FORMAT = "dwarf-with-dsym";
				ENABLE_NS_ASSERTIONS = NO;
				ENABLE_STRICT_OBJC_MSGSEND = YES;
				GCC_C_LANGUAGE_STANDARD = gnu11;
				GCC_NO_COMMON_BLOCKS = YES;
				GCC_WARN_64_TO_32_BIT_CONVERSION = YES;
				GCC_WARN_ABOUT_RETURN_TYPE = YES_ERROR;
				GCC_WARN_UNDECLARED_SELECTOR = YES;
				GCC_WARN_UNINITIALIZED_AUTOS = YES_AGGRESSIVE;
				GCC_WARN_UNUSED_FUNCTION = YES;
				GCC_WARN_UNUSED_VARIABLE = YES;
				IPHONEOS_DEPLOYMENT_TARGET = 14.1;
				MTL_ENABLE_DEBUG_INFO = NO;
				MTL_FAST_MATH = YES;
				SDKROOT = iphoneos;
				SWIFT_COMPILATION_MODE = wholemodule;
				SWIFT_OPTIMIZATION_LEVEL = "-O";
				VALIDATE_PRODUCT = YES;
			};
			name = Release;
		};
		6A4663B925A6EE0A00F40A96 /* Debug */ = {
			isa = XCBuildConfiguration;
			baseConfigurationReference = AD5F4C6AD6F0039474466F4E /* Pods-hotnews.debug.xcconfig */;
			buildSettings = {
				ASSETCATALOG_COMPILER_APPICON_NAME = AppIcon;
				ASSETCATALOG_COMPILER_GLOBAL_ACCENT_COLOR_NAME = AccentColor;
				CODE_SIGN_STYLE = Automatic;
				DEVELOPMENT_TEAM = A7B8JR27WU;
				INFOPLIST_FILE = hotnews/Info.plist;
				LD_RUNPATH_SEARCH_PATHS = (
					"$(inherited)",
					"@executable_path/Frameworks",
				);
				PRODUCT_BUNDLE_IDENTIFIER = com.digimaster.hotnews;
				PRODUCT_NAME = "$(TARGET_NAME)";
				SWIFT_VERSION = 5.0;
				TARGETED_DEVICE_FAMILY = "1,2";
			};
			name = Debug;
		};
		6A4663BA25A6EE0A00F40A96 /* Release */ = {
			isa = XCBuildConfiguration;
			baseConfigurationReference = 7F9FED89E17A062FE4004F9E /* Pods-hotnews.release.xcconfig */;
			buildSettings = {
				ASSETCATALOG_COMPILER_APPICON_NAME = AppIcon;
				ASSETCATALOG_COMPILER_GLOBAL_ACCENT_COLOR_NAME = AccentColor;
				CODE_SIGN_STYLE = Automatic;
				DEVELOPMENT_TEAM = A7B8JR27WU;
				INFOPLIST_FILE = hotnews/Info.plist;
				LD_RUNPATH_SEARCH_PATHS = (
					"$(inherited)",
					"@executable_path/Frameworks",
				);
				PRODUCT_BUNDLE_IDENTIFIER = com.digimaster.hotnews;
				PRODUCT_NAME = "$(TARGET_NAME)";
				SWIFT_VERSION = 5.0;
				TARGETED_DEVICE_FAMILY = "1,2";
			};
			name = Release;
		};
		6A4663BC25A6EE0A00F40A96 /* Debug */ = {
			isa = XCBuildConfiguration;
			baseConfigurationReference = 4B1F4EDB59A4147DC4263ADE /* Pods-hotnewsTests.debug.xcconfig */;
			buildSettings = {
				ALWAYS_EMBED_SWIFT_STANDARD_LIBRARIES = YES;
				BUNDLE_LOADER = "$(TEST_HOST)";
				CODE_SIGN_STYLE = Automatic;
				DEVELOPMENT_TEAM = A7B8JR27WU;
				INFOPLIST_FILE = hotnewsTests/Info.plist;
				IPHONEOS_DEPLOYMENT_TARGET = 14.1;
				LD_RUNPATH_SEARCH_PATHS = (
					"$(inherited)",
					"@executable_path/Frameworks",
					"@loader_path/Frameworks",
				);
				PRODUCT_BUNDLE_IDENTIFIER = com.digimaster.hotnewsTests;
				PRODUCT_NAME = "$(TARGET_NAME)";
				SWIFT_VERSION = 5.0;
				TARGETED_DEVICE_FAMILY = "1,2";
				TEST_HOST = "$(BUILT_PRODUCTS_DIR)/hotnews.app/hotnews";
			};
			name = Debug;
		};
		6A4663BD25A6EE0A00F40A96 /* Release */ = {
			isa = XCBuildConfiguration;
			baseConfigurationReference = 1E2EEBDBA54FD6A67CF85C9F /* Pods-hotnewsTests.release.xcconfig */;
			buildSettings = {
				ALWAYS_EMBED_SWIFT_STANDARD_LIBRARIES = YES;
				BUNDLE_LOADER = "$(TEST_HOST)";
				CODE_SIGN_STYLE = Automatic;
				DEVELOPMENT_TEAM = A7B8JR27WU;
				INFOPLIST_FILE = hotnewsTests/Info.plist;
				IPHONEOS_DEPLOYMENT_TARGET = 14.1;
				LD_RUNPATH_SEARCH_PATHS = (
					"$(inherited)",
					"@executable_path/Frameworks",
					"@loader_path/Frameworks",
				);
				PRODUCT_BUNDLE_IDENTIFIER = com.digimaster.hotnewsTests;
				PRODUCT_NAME = "$(TARGET_NAME)";
				SWIFT_VERSION = 5.0;
				TARGETED_DEVICE_FAMILY = "1,2";
				TEST_HOST = "$(BUILT_PRODUCTS_DIR)/hotnews.app/hotnews";
			};
			name = Release;
		};
		6A4663BF25A6EE0A00F40A96 /* Debug */ = {
			isa = XCBuildConfiguration;
			baseConfigurationReference = 03CF2BF9F2959043FB5B5AAE /* Pods-hotnews-hotnewsUITests.debug.xcconfig */;
			buildSettings = {
				ALWAYS_EMBED_SWIFT_STANDARD_LIBRARIES = YES;
				CODE_SIGN_STYLE = Automatic;
				DEVELOPMENT_TEAM = A7B8JR27WU;
				INFOPLIST_FILE = hotnewsUITests/Info.plist;
				LD_RUNPATH_SEARCH_PATHS = (
					"$(inherited)",
					"@executable_path/Frameworks",
					"@loader_path/Frameworks",
				);
				PRODUCT_BUNDLE_IDENTIFIER = com.digimaster.hotnewsUITests;
				PRODUCT_NAME = "$(TARGET_NAME)";
				SWIFT_VERSION = 5.0;
				TARGETED_DEVICE_FAMILY = "1,2";
				TEST_TARGET_NAME = hotnews;
			};
			name = Debug;
		};
		6A4663C025A6EE0A00F40A96 /* Release */ = {
			isa = XCBuildConfiguration;
			baseConfigurationReference = 2208DB7A19EAEB1A167FBFE4 /* Pods-hotnews-hotnewsUITests.release.xcconfig */;
			buildSettings = {
				ALWAYS_EMBED_SWIFT_STANDARD_LIBRARIES = YES;
				CODE_SIGN_STYLE = Automatic;
				DEVELOPMENT_TEAM = A7B8JR27WU;
				INFOPLIST_FILE = hotnewsUITests/Info.plist;
				LD_RUNPATH_SEARCH_PATHS = (
					"$(inherited)",
					"@executable_path/Frameworks",
					"@loader_path/Frameworks",
				);
				PRODUCT_BUNDLE_IDENTIFIER = com.digimaster.hotnewsUITests;
				PRODUCT_NAME = "$(TARGET_NAME)";
				SWIFT_VERSION = 5.0;
				TARGETED_DEVICE_FAMILY = "1,2";
				TEST_TARGET_NAME = hotnews;
			};
			name = Release;
		};
/* End XCBuildConfiguration section */

/* Begin XCConfigurationList section */
		6A46638925A6EE0300F40A96 /* Build configuration list for PBXProject "hotnews" */ = {
			isa = XCConfigurationList;
			buildConfigurations = (
				6A4663B625A6EE0900F40A96 /* Debug */,
				6A4663B725A6EE0A00F40A96 /* Release */,
			);
			defaultConfigurationIsVisible = 0;
			defaultConfigurationName = Release;
		};
		6A4663B825A6EE0A00F40A96 /* Build configuration list for PBXNativeTarget "hotnews" */ = {
			isa = XCConfigurationList;
			buildConfigurations = (
				6A4663B925A6EE0A00F40A96 /* Debug */,
				6A4663BA25A6EE0A00F40A96 /* Release */,
			);
			defaultConfigurationIsVisible = 0;
			defaultConfigurationName = Release;
		};
		6A4663BB25A6EE0A00F40A96 /* Build configuration list for PBXNativeTarget "hotnewsTests" */ = {
			isa = XCConfigurationList;
			buildConfigurations = (
				6A4663BC25A6EE0A00F40A96 /* Debug */,
				6A4663BD25A6EE0A00F40A96 /* Release */,
			);
			defaultConfigurationIsVisible = 0;
			defaultConfigurationName = Release;
		};
		6A4663BE25A6EE0A00F40A96 /* Build configuration list for PBXNativeTarget "hotnewsUITests" */ = {
			isa = XCConfigurationList;
			buildConfigurations = (
				6A4663BF25A6EE0A00F40A96 /* Debug */,
				6A4663C025A6EE0A00F40A96 /* Release */,
			);
			defaultConfigurationIsVisible = 0;
			defaultConfigurationName = Release;
		};
/* End XCConfigurationList section */
	};
	rootObject = 6A46638625A6EE0300F40A96 /* Project object */;
}
